<Solution>
  <Folder Name="/Libraries/">
    <Project Path="../Libraries/FaultAlgorithms/FaultAlgorithms.csproj" />
    <Project Path="../Libraries/FaultData/FaultData.csproj" />
    <Project Path="../Libraries/openXDA.Model/openXDA.Model.csproj" />
  </Folder>
    <Folder Name="/References/">
      <Project Path="../../gemstone/common/src/Gemstone/Gemstone.Common.csproj">
        <BuildType Solution="Debug|*" Project="Development" />
      </Project>
      <Project Path="../../gemstone/communication/src/Gemstone.Communication/Gemstone.Communication.csproj">
        <BuildType Solution="Debug|*" Project="Development" />
      </Project>
      <Project Path="../../gemstone/configuration/src/Gemstone.Configuration/Gemstone.Configuration.csproj">
        <BuildType Solution="Debug|*" Project="Development" />
      </Project>
      <Project Path="../../gemstone/data/src/Gemstone.Data/Gemstone.Data.csproj">
        <BuildType Solution="Debug|*" Project="Development" />
      </Project>
      <Project Path="../../gemstone/diagnostics/src/Gemstone.Diagnostics/Gemstone.Diagnostics.csproj">
        <BuildType Solution="Debug|*" Project="Development" />
      </Project>
      <Project Path="../../gemstone/expressions/src/Gemstone.Expressions/Gemstone.Expressions.csproj">
        <BuildType Solution="Debug|*" Project="Development" />
      </Project>
      <Project Path="../../gemstone/numeric/src/Gemstone.Numeric/Gemstone.Numeric.csproj">
        <BuildType Solution="Debug|*" Project="Development" />
      </Project>
      <Project Path="../../gemstone/pqdif/src/Gemstone.PQDif/Gemstone.PQDif.csproj">
        <BuildType Solution="Debug|*" Project="Development" />
      </Project>
      <Project Path="../../gemstone/security/src/Gemstone.Security/Gemstone.Security.csproj">
        <BuildType Solution="Debug|*" Project="Development" />
      </Project>
      <Project Path="../../gemstone/threading/src/Gemstone.Threading/Gemstone.Threading.csproj">
        <BuildType Solution="Debug|*" Project="Development" />
      </Project>
      <Project Path="../../gemstone/web/src/Gemstone.Web/Gemstone.Web.csproj">
        <BuildType Solution="Debug|*" Project="Development" />
      </Project>
      <Project Path="../../gemstone/io/src/Gemstone.IO/Gemstone.IO.csproj">
        <BuildType Solution="Debug|*" Project="Development" />
      </Project>
    </Folder>
  <Project Path="PQDigest.csproj" />
</Solution>
