
Microsoft Visual Studio Solution File, Format Version 12.00
# Visual Studio Version 17
VisualStudioVersion = 17.14.36109.1
MinimumVisualStudioVersion = 10.0.40219.1
Project("{9A19103F-16F7-4668-BE54-9A1E7A4F7556}") = "PQDigest", "PQDigest.csproj", "{2EF35D93-3B7A-4068-98D4-8646A651DF30}"
EndProject
Project("{2150E333-8FDC-42A3-9474-1A3956D46DE8}") = "Data", "Data", "{617DD7AA-A848-4AF1-A77B-B7117D4F4031}"
	ProjectSection(SolutionItems) = preProject
		Data\PQDigest.sql = Data\PQDigest.sql
	EndProjectSection
EndProject
Project("{2150E333-8FDC-42A3-9474-1A3956D46DE8}") = "Libraries", "Libraries", "{02EA681E-C7D8-13C7-8484-4AC65E1B71E8}"
EndProject
Project("{FAE04EC0-301F-11D3-BF4B-00C04F79EFBC}") = "openXDA.Model", "..\Libraries\openXDA.Model\openXDA.Model.csproj", "{093E00E7-2D11-8275-E681-C04C98217BD0}"
EndProject
Project("{FAE04EC0-301F-11D3-BF4B-00C04F79EFBC}") = "FaultData", "..\Libraries\FaultData\FaultData.csproj", "{FE8E8143-09E4-F41C-4800-2CAB679AE674}"
EndProject
Project("{FAE04EC0-301F-11D3-BF4B-00C04F79EFBC}") = "FaultAlgorithms", "..\Libraries\FaultAlgorithms\FaultAlgorithms.csproj", "{94DDEF90-8941-4288-9B8A-CFCA9D64869C}"
EndProject
Project("{2150E333-8FDC-42A3-9474-1A3956D46DE8}") = "References", "References", "{1B47C289-A2B0-4C12-AB3A-34C96651401D}"
EndProject
Project("{FAE04EC0-301F-11D3-BF4B-00C04F79EFBC}") = "Gemstone.Web", "..\..\gemstone\web\src\Gemstone.Web\Gemstone.Web.csproj", "{83D018E6-6219-DCBD-3648-C72FB4DA771E}"
EndProject
Global
	GlobalSection(SolutionConfigurationPlatforms) = preSolution
		Debug|Any CPU = Debug|Any CPU
		Release|Any CPU = Release|Any CPU
	EndGlobalSection
	GlobalSection(ProjectConfigurationPlatforms) = postSolution
		{2EF35D93-3B7A-4068-98D4-8646A651DF30}.Debug|Any CPU.ActiveCfg = Debug|Any CPU
		{2EF35D93-3B7A-4068-98D4-8646A651DF30}.Debug|Any CPU.Build.0 = Debug|Any CPU
		{2EF35D93-3B7A-4068-98D4-8646A651DF30}.Release|Any CPU.ActiveCfg = Release|Any CPU
		{2EF35D93-3B7A-4068-98D4-8646A651DF30}.Release|Any CPU.Build.0 = Release|Any CPU
		{093E00E7-2D11-8275-E681-C04C98217BD0}.Debug|Any CPU.ActiveCfg = Debug|Any CPU
		{093E00E7-2D11-8275-E681-C04C98217BD0}.Debug|Any CPU.Build.0 = Debug|Any CPU
		{093E00E7-2D11-8275-E681-C04C98217BD0}.Release|Any CPU.ActiveCfg = Release|Any CPU
		{093E00E7-2D11-8275-E681-C04C98217BD0}.Release|Any CPU.Build.0 = Release|Any CPU
		{FE8E8143-09E4-F41C-4800-2CAB679AE674}.Debug|Any CPU.ActiveCfg = Debug|Any CPU
		{FE8E8143-09E4-F41C-4800-2CAB679AE674}.Debug|Any CPU.Build.0 = Debug|Any CPU
		{FE8E8143-09E4-F41C-4800-2CAB679AE674}.Release|Any CPU.ActiveCfg = Release|Any CPU
		{FE8E8143-09E4-F41C-4800-2CAB679AE674}.Release|Any CPU.Build.0 = Release|Any CPU
		{94DDEF90-8941-4288-9B8A-CFCA9D64869C}.Debug|Any CPU.ActiveCfg = Debug|Any CPU
		{94DDEF90-8941-4288-9B8A-CFCA9D64869C}.Debug|Any CPU.Build.0 = Debug|Any CPU
		{94DDEF90-8941-4288-9B8A-CFCA9D64869C}.Release|Any CPU.ActiveCfg = Release|Any CPU
		{94DDEF90-8941-4288-9B8A-CFCA9D64869C}.Release|Any CPU.Build.0 = Release|Any CPU
		{83D018E6-6219-DCBD-3648-C72FB4DA771E}.Debug|Any CPU.ActiveCfg = Debug|Any CPU
		{83D018E6-6219-DCBD-3648-C72FB4DA771E}.Debug|Any CPU.Build.0 = Debug|Any CPU
		{83D018E6-6219-DCBD-3648-C72FB4DA771E}.Release|Any CPU.ActiveCfg = Release|Any CPU
		{83D018E6-6219-DCBD-3648-C72FB4DA771E}.Release|Any CPU.Build.0 = Release|Any CPU
	EndGlobalSection
	GlobalSection(SolutionProperties) = preSolution
		HideSolutionNode = FALSE
	EndGlobalSection
	GlobalSection(NestedProjects) = preSolution
		{093E00E7-2D11-8275-E681-C04C98217BD0} = {02EA681E-C7D8-13C7-8484-4AC65E1B71E8}
		{FE8E8143-09E4-F41C-4800-2CAB679AE674} = {02EA681E-C7D8-13C7-8484-4AC65E1B71E8}
		{94DDEF90-8941-4288-9B8A-CFCA9D64869C} = {02EA681E-C7D8-13C7-8484-4AC65E1B71E8}
		{83D018E6-6219-DCBD-3648-C72FB4DA771E} = {1B47C289-A2B0-4C12-AB3A-34C96651401D}
	EndGlobalSection
	GlobalSection(ExtensibilityGlobals) = postSolution
		SolutionGuid = {8C510F68-7B36-4E81-A5DC-93CD9C1CB91D}
	EndGlobalSection
EndGlobal
